
Microsoft Visual Studio Solution File, Format Version 12.00
# Visual Studio Version 17
VisualStudioVersion = 17.13.35931.197 d17.13
MinimumVisualStudioVersion = 10.0.40219.1
Project("{FAE04EC0-301F-11D3-BF4B-00C04F79EFBC}") = "AppSanJuan2025", "AppSanJuan2025\AppSanJuan2025.csproj", "{8C486E26-A3E5-4E19-B16F-541104599063}"
EndProject
Global
	GlobalSection(SolutionConfigurationPlatforms) = preSolution
		Debug|Any CPU = Debug|Any CPU
		Release|Any CPU = Release|Any CPU
	EndGlobalSection
	GlobalSection(ProjectConfigurationPlatforms) = postSolution
		{8C486E26-A3E5-4E19-B16F-541104599063}.Debug|Any CPU.ActiveCfg = Debug|Any CPU
		{8C486E26-A3E5-4E19-B16F-541104599063}.Debug|Any CPU.Build.0 = Debug|Any CPU
		{8C486E26-A3E5-4E19-B16F-541104599063}.Release|Any CPU.ActiveCfg = Release|Any CPU
		{8C486E26-A3E5-4E19-B16F-541104599063}.Release|Any CPU.Build.0 = Release|Any CPU
	EndGlobalSection
	GlobalSection(SolutionProperties) = preSolution
		HideSolutionNode = FALSE
	EndGlobalSection
	GlobalSection(ExtensibilityGlobals) = postSolution
		SolutionGuid = {E2805FAC-2C46-4308-B308-BD456E7154BF}
	EndGlobalSection
EndGlobal
